{
  "lockfileVersion": 1,
  "workspaces": {
    "": {
      "name": "lego-break",
      "devDependencies": {
        "@types/node": "^20.0.0",
        "@types/react": "^18.0.0",
        "typescript": "^5.0.0"
      },
      "peerDependencies": {
        "react": ">=18.0.0"
      },
      "optionalPeers": [
        "react"
      ]
    }
  },
  "packages": {
    "@types/node": [
      "@types/node@20.19.30",
      "",
      {
        "dependencies": {
          "undici-types": "~6.21.0"
        }
      },
      "sha512-WJtwWJu7UdlvzEAUm484QNg5eAoq5QR08KDNx7g45Usrs2NtOPiX8ugDqmKdXkyL03rBqU5dYNYVQetEpBHq2g=="
    ],
    "@types/prop-types": [
      "@types/prop-types@15.7.15",
      "",
      {},
      "sha512-F6bEyamV9jKGAFBEmlQnesRPGOQqS2+Uwi0Em15xenOxHaf2hv6L8YCVn3rPdPJOiJfPiCnLIRyvwVaqMY3MIw=="
    ],
    "@types/react": [
      "@types/react@18.3.27",
      "",
      {
        "dependencies": {
          "@types/prop-types": "*",
          "csstype": "^3.2.2"
        }
      },
      "sha512-cisd7gxkzjBKU2GgdYrTdtQx1SORymWyaAFhaxQPK9bYO9ot3Y5OikQRvY0VYQtvwjeQnizCINJAenh/V7MK2w=="
    ],
    "csstype": [
      "csstype@3.2.3",
      "",
      {},
      "sha512-z1HGKcYy2xA8AGQfwrn0PAy+PB7X/GSj3UVJW9qKyn43xWa+gl5nXmU4qqLMRzWVLFC8KusUX8T/0kCiOYpAIQ=="
    ],
    "typescript": [
      "typescript@5.9.3",
      "",
      {
        "bin": {
          "tsc": "bin/tsc",
          "tsserver": "bin/tsserver"
        }
      },
      "sha512-jl1vZzPDinLr9eUt3J/t7V6FgNEw9QjvBPdysz9KfQDD41fQrC2Y4vKQdiaUpFT4bXlb1RHhLpp8wtm6M5TgSw=="
    ],
    "undici-types": [
      "undici-types@6.21.0",
      "",
      {},
      "sha512-iwDZqg0QAGrg9Rav5H4n0M64c3mkR59cJ6wQp+7C4nI0gsmExaedaYLNO44eT4AtBBwjbTiGPMlt2Md0T9H9JQ=="
    ]
  }
}
